// !$*UTF8*$!
{
	archiveVersion = 1;
	classes = {
	};
	objectVersion = 46;
	objects = {

/* Begin PBXBuildFile section */
		412B61F76F2933A208B9E478 /* Pods_ViewColorChanger.framework in Frameworks */ = {isa = PBXBuildFile; fileRef = 0E62899C1D1004E7C20C5768 /* Pods_ViewColorChanger.framework */; };
		881001C45B2BA31EB47C87DA /* Pods_ViewColorChangerUITests.framework in Frameworks */ = {isa = PBXBuildFile; fileRef = 351DC50E41D675A40C399C3D /* Pods_ViewColorChangerUITests.framework */; };
		DB89AA0AF2E7C1FC5727B413 /* Pods_ViewColorChangerTests.framework in Frameworks */ = {isa = PBXBuildFile; fileRef = F4B39A8A038E9FC9A5E285A4 /* Pods_ViewColorChangerTests.framework */; };
		FAFD92711F6F62730037042C /* AppDelegate.swift in Sources */ = {isa = PBXBuildFile; fileRef = FAFD92701F6F62730037042C /* AppDelegate.swift */; };
		FAFD92731F6F62730037042C /* ViewController.swift in Sources */ = {isa = PBXBuildFile; fileRef = FAFD92721F6F62730037042C /* ViewController.swift */; };
		FAFD92761F6F62730037042C /* Main.storyboard in Resources */ = {isa = PBXBuildFile; fileRef = FAFD92741F6F62730037042C /* Main.storyboard */; };
		FAFD92781F6F62730037042C /* Assets.xcassets in Resources */ = {isa = PBXBuildFile; fileRef = FAFD92771F6F62730037042C /* Assets.xcassets */; };
		FAFD927B1F6F62730037042C /* LaunchScreen.storyboard in Resources */ = {isa = PBXBuildFile; fileRef = FAFD92791F6F62730037042C /* LaunchScreen.storyboard */; };
		FAFD92861F6F62730037042C /* ViewColorChangerTests.swift in Sources */ = {isa = PBXBuildFile; fileRef = FAFD92851F6F62730037042C /* ViewColorChangerTests.swift */; };
		FAFD92911F6F62730037042C /* ViewColorChangerUITests.swift in Sources */ = {isa = PBXBuildFile; fileRef = FAFD92901F6F62730037042C /* ViewColorChangerUITests.swift */; };
		FAFD929F1F6F62A20037042C /* ViewColChanger.swift in Sources */ = {isa = PBXBuildFile; fileRef = FAFD929E1F6F62A20037042C /* ViewColChanger.swift */; };
/* End PBXBuildFile section */

/* Begin PBXContainerItemProxy section */
		FAFD92821F6F62730037042C /* PBXContainerItemProxy */ = {
			isa = PBXContainerItemProxy;
			containerPortal = FAFD92651F6F62730037042C /* Project object */;
			proxyType = 1;
			remoteGlobalIDString = FAFD926C1F6F62730037042C;
			remoteInfo = ViewColorChanger;
		};
		FAFD928D1F6F62730037042C /* PBXContainerItemProxy */ = {
			isa = PBXContainerItemProxy;
			containerPortal = FAFD92651F6F62730037042C /* Project object */;
			proxyType = 1;
			remoteGlobalIDString = FAFD926C1F6F62730037042C;
			remoteInfo = ViewColorChanger;
		};
/* End PBXContainerItemProxy section */

/* Begin PBXFileReference section */
		0E62899C1D1004E7C20C5768 /* Pods_ViewColorChanger.framework */ = {isa = PBXFileReference; explicitFileType = wrapper.framework; includeInIndex = 0; path = Pods_ViewColorChanger.framework; sourceTree = BUILT_PRODUCTS_DIR; };
		199F83E504BA6B392D571AE1 /* Pods-ViewColorChanger.release.xcconfig */ = {isa = PBXFileReference; includeInIndex = 1; lastKnownFileType = text.xcconfig; name = "Pods-ViewColorChanger.release.xcconfig"; path = "Pods/Target Support Files/Pods-ViewColorChanger/Pods-ViewColorChanger.release.xcconfig"; sourceTree = "<group>"; };
		32F50D888CA502383F72517F /* Pods-ViewColorChangerTests.debug.xcconfig */ = {isa = PBXFileReference; includeInIndex = 1; lastKnownFileType = text.xcconfig; name = "Pods-ViewColorChangerTests.debug.xcconfig"; path = "Pods/Target Support Files/Pods-ViewColorChangerTests/Pods-ViewColorChangerTests.debug.xcconfig"; sourceTree = "<group>"; };
		351DC50E41D675A40C399C3D /* Pods_ViewColorChangerUITests.framework */ = {isa = PBXFileReference; explicitFileType = wrapper.framework; includeInIndex = 0; path = Pods_ViewColorChangerUITests.framework; sourceTree = BUILT_PRODUCTS_DIR; };
		4772DE3A02238DF6451626D2 /* Pods-ViewColorChangerUITests.release.xcconfig */ = {isa = PBXFileReference; includeInIndex = 1; lastKnownFileType = text.xcconfig; name = "Pods-ViewColorChangerUITests.release.xcconfig"; path = "Pods/Target Support Files/Pods-ViewColorChangerUITests/Pods-ViewColorChangerUITests.release.xcconfig"; sourceTree = "<group>"; };
		70082939652F8AB02ABAD024 /* Pods-ViewColorChanger.debug.xcconfig */ = {isa = PBXFileReference; includeInIndex = 1; lastKnownFileType = text.xcconfig; name = "Pods-ViewColorChanger.debug.xcconfig"; path = "Pods/Target Support Files/Pods-ViewColorChanger/Pods-ViewColorChanger.debug.xcconfig"; sourceTree = "<group>"; };
		ADF377EDD6C13154547F7F41 /* Pods-ViewColorChangerUITests.debug.xcconfig */ = {isa = PBXFileReference; includeInIndex = 1; lastKnownFileType = text.xcconfig; name = "Pods-ViewColorChangerUITests.debug.xcconfig"; path = "Pods/Target Support Files/Pods-ViewColorChangerUITests/Pods-ViewColorChangerUITests.debug.xcconfig"; sourceTree = "<group>"; };
		BBFD757C5DD4376CFB3100C7 /* Pods-ViewColorChangerTests.release.xcconfig */ = {isa = PBXFileReference; includeInIndex = 1; lastKnownFileType = text.xcconfig; name = "Pods-ViewColorChangerTests.release.xcconfig"; path = "Pods/Target Support Files/Pods-ViewColorChangerTests/Pods-ViewColorChangerTests.release.xcconfig"; sourceTree = "<group>"; };
		F4B39A8A038E9FC9A5E285A4 /* Pods_ViewColorChangerTests.framework */ = {isa = PBXFileReference; explicitFileType = wrapper.framework; includeInIndex = 0; path = Pods_ViewColorChangerTests.framework; sourceTree = BUILT_PRODUCTS_DIR; };
		FAFD926D1F6F62730037042C /* ViewColorChanger.app */ = {isa = PBXFileReference; explicitFileType = wrapper.application; includeInIndex = 0; path = ViewColorChanger.app; sourceTree = BUILT_PRODUCTS_DIR; };
		FAFD92701F6F62730037042C /* AppDelegate.swift */ = {isa = PBXFileReference; lastKnownFileType = sourcecode.swift; path = AppDelegate.swift; sourceTree = "<group>"; };
		FAFD92721F6F62730037042C /* ViewController.swift */ = {isa = PBXFileReference; lastKnownFileType = sourcecode.swift; path = ViewController.swift; sourceTree = "<group>"; };
		FAFD92751F6F62730037042C /* Base */ = {isa = PBXFileReference; lastKnownFileType = file.storyboard; name = Base; path = Base.lproj/Main.storyboard; sourceTree = "<group>"; };
		FAFD92771F6F62730037042C /* Assets.xcassets */ = {isa = PBXFileReference; lastKnownFileType = folder.assetcatalog; path = Assets.xcassets; sourceTree = "<group>"; };
		FAFD927A1F6F62730037042C /* Base */ = {isa = PBXFileReference; lastKnownFileType = file.storyboard; name = Base; path = Base.lproj/LaunchScreen.storyboard; sourceTree = "<group>"; };
		FAFD927C1F6F62730037042C /* Info.plist */ = {isa = PBXFileReference; lastKnownFileType = text.plist.xml; path = Info.plist; sourceTree = "<group>"; };
		FAFD92811F6F62730037042C /* ViewColorChangerTests.xctest */ = {isa = PBXFileReference; explicitFileType = wrapper.cfbundle; includeInIndex = 0; path = ViewColorChangerTests.xctest; sourceTree = BUILT_PRODUCTS_DIR; };
		FAFD92851F6F62730037042C /* ViewColorChangerTests.swift */ = {isa = PBXFileReference; lastKnownFileType = sourcecode.swift; path = ViewColorChangerTests.swift; sourceTree = "<group>"; };
		FAFD92871F6F62730037042C /* Info.plist */ = {isa = PBXFileReference; lastKnownFileType = text.plist.xml; path = Info.plist; sourceTree = "<group>"; };
		FAFD928C1F6F62730037042C /* ViewColorChangerUITests.xctest */ = {isa = PBXFileReference; explicitFileType = wrapper.cfbundle; includeInIndex = 0; path = ViewColorChangerUITests.xctest; sourceTree = BUILT_PRODUCTS_DIR; };
		FAFD92901F6F62730037042C /* ViewColorChangerUITests.swift */ = {isa = PBXFileReference; lastKnownFileType = sourcecode.swift; path = ViewColorChangerUITests.swift; sourceTree = "<group>"; };
		FAFD92921F6F62730037042C /* Info.plist */ = {isa = PBXFileReference; lastKnownFileType = text.plist.xml; path = Info.plist; sourceTree = "<group>"; };
		FAFD929E1F6F62A20037042C /* ViewColChanger.swift */ = {isa = PBXFileReference; fileEncoding = 4; lastKnownFileType = sourcecode.swift; path = ViewColChanger.swift; sourceTree = "<group>"; };
/* End PBXFileReference section */

/* Begin PBXFrameworksBuildPhase section */
		FAFD926A1F6F62730037042C /* Frameworks */ = {
			isa = PBXFrameworksBuildPhase;
			buildActionMask = 2147483647;
			files = (
				412B61F76F2933A208B9E478 /* Pods_ViewColorChanger.framework in Frameworks */,
			);
			runOnlyForDeploymentPostprocessing = 0;
		};
		FAFD927E1F6F62730037042C /* Frameworks */ = {
			isa = PBXFrameworksBuildPhase;
			buildActionMask = 2147483647;
			files = (
				DB89AA0AF2E7C1FC5727B413 /* Pods_ViewColorChangerTests.framework in Frameworks */,
			);
			runOnlyForDeploymentPostprocessing = 0;
		};
		FAFD92891F6F62730037042C /* Frameworks */ = {
			isa = PBXFrameworksBuildPhase;
			buildActionMask = 2147483647;
			files = (
				881001C45B2BA31EB47C87DA /* Pods_ViewColorChangerUITests.framework in Frameworks */,
			);
			runOnlyForDeploymentPostprocessing = 0;
		};
/* End PBXFrameworksBuildPhase section */

/* Begin PBXGroup section */
		3B4BA1832D9314B210884EA5 /* Frameworks */ = {
			isa = PBXGroup;
			children = (
				0E62899C1D1004E7C20C5768 /* Pods_ViewColorChanger.framework */,
				F4B39A8A038E9FC9A5E285A4 /* Pods_ViewColorChangerTests.framework */,
				351DC50E41D675A40C399C3D /* Pods_ViewColorChangerUITests.framework */,
			);
			name = Frameworks;
			sourceTree = "<group>";
		};
		5C6A9E36A2DF6EB069C5F654 /* Pods */ = {
			isa = PBXGroup;
			children = (
				70082939652F8AB02ABAD024 /* Pods-ViewColorChanger.debug.xcconfig */,
				199F83E504BA6B392D571AE1 /* Pods-ViewColorChanger.release.xcconfig */,
				32F50D888CA502383F72517F /* Pods-ViewColorChangerTests.debug.xcconfig */,
				BBFD757C5DD4376CFB3100C7 /* Pods-ViewColorChangerTests.release.xcconfig */,
				ADF377EDD6C13154547F7F41 /* Pods-ViewColorChangerUITests.debug.xcconfig */,
				4772DE3A02238DF6451626D2 /* Pods-ViewColorChangerUITests.release.xcconfig */,
			);
			name = Pods;
			sourceTree = "<group>";
		};
		FAFD92641F6F62730037042C = {
			isa = PBXGroup;
			children = (
				FAFD926F1F6F62730037042C /* ViewColorChanger */,
				FAFD92841F6F62730037042C /* ViewColorChangerTests */,
				FAFD928F1F6F62730037042C /* ViewColorChangerUITests */,
				FAFD926E1F6F62730037042C /* Products */,
				5C6A9E36A2DF6EB069C5F654 /* Pods */,
				3B4BA1832D9314B210884EA5 /* Frameworks */,
			);
			sourceTree = "<group>";
		};
		FAFD926E1F6F62730037042C /* Products */ = {
			isa = PBXGroup;
			children = (
				FAFD926D1F6F62730037042C /* ViewColorChanger.app */,
				FAFD92811F6F62730037042C /* ViewColorChangerTests.xctest */,
				FAFD928C1F6F62730037042C /* ViewColorChangerUITests.xctest */,
			);
			name = Products;
			sourceTree = "<group>";
		};
		FAFD926F1F6F62730037042C /* ViewColorChanger */ = {
			isa = PBXGroup;
			children = (
				FAFD92701F6F62730037042C /* AppDelegate.swift */,
				FAFD92721F6F62730037042C /* ViewController.swift */,
				FAFD929E1F6F62A20037042C /* ViewColChanger.swift */,
				FAFD92741F6F62730037042C /* Main.storyboard */,
				FAFD92771F6F62730037042C /* Assets.xcassets */,
				FAFD92791F6F62730037042C /* LaunchScreen.storyboard */,
				FAFD927C1F6F62730037042C /* Info.plist */,
			);
			path = ViewColorChanger;
			sourceTree = "<group>";
		};
		FAFD92841F6F62730037042C /* ViewColorChangerTests */ = {
			isa = PBXGroup;
			children = (
				FAFD92851F6F62730037042C /* ViewColorChangerTests.swift */,
				FAFD92871F6F62730037042C /* Info.plist */,
			);
			path = ViewColorChangerTests;
			sourceTree = "<group>";
		};
		FAFD928F1F6F62730037042C /* ViewColorChangerUITests */ = {
			isa = PBXGroup;
			children = (
				FAFD92901F6F62730037042C /* ViewColorChangerUITests.swift */,
				FAFD92921F6F62730037042C /* Info.plist */,
			);
			path = ViewColorChangerUITests;
			sourceTree = "<group>";
		};
/* End PBXGroup section */

/* Begin PBXNativeTarget section */
		FAFD926C1F6F62730037042C /* ViewColorChanger */ = {
			isa = PBXNativeTarget;
			buildConfigurationList = FAFD92951F6F62730037042C /* Build configuration list for PBXNativeTarget "ViewColorChanger" */;
			buildPhases = (
				D95AA375F043CFEDFCD211CB /* [CP] Check Pods Manifest.lock */,
				FAFD92691F6F62730037042C /* Sources */,
				FAFD926A1F6F62730037042C /* Frameworks */,
				FAFD926B1F6F62730037042C /* Resources */,
				13362D44F74CD2CB3476E03B /* [CP] Embed Pods Frameworks */,
				79FFB901C0420EB116B811C1 /* [CP] Copy Pods Resources */,
			);
			buildRules = (
			);
			dependencies = (
			);
			name = ViewColorChanger;
			productName = ViewColorChanger;
			productReference = FAFD926D1F6F62730037042C /* ViewColorChanger.app */;
			productType = "com.apple.product-type.application";
		};
		FAFD92801F6F62730037042C /* ViewColorChangerTests */ = {
			isa = PBXNativeTarget;
			buildConfigurationList = FAFD92981F6F62730037042C /* Build configuration list for PBXNativeTarget "ViewColorChangerTests" */;
			buildPhases = (
				8517FA2885930C15B350EBD7 /* [CP] Check Pods Manifest.lock */,
				FAFD927D1F6F62730037042C /* Sources */,
				FAFD927E1F6F62730037042C /* Frameworks */,
				FAFD927F1F6F62730037042C /* Resources */,
				E10DA4AEE84503BD7EFDB420 /* [CP] Embed Pods Frameworks */,
				DC8CAEB776608519E7DA2E88 /* [CP] Copy Pods Resources */,
			);
			buildRules = (
			);
			dependencies = (
				FAFD92831F6F62730037042C /* PBXTargetDependency */,
			);
			name = ViewColorChangerTests;
			productName = ViewColorChangerTests;
			productReference = FAFD92811F6F62730037042C /* ViewColorChangerTests.xctest */;
			productType = "com.apple.product-type.bundle.unit-test";
		};
		FAFD928B1F6F62730037042C /* ViewColorChangerUITests */ = {
			isa = PBXNativeTarget;
			buildConfigurationList = FAFD929B1F6F62730037042C /* Build configuration list for PBXNativeTarget "ViewColorChangerUITests" */;
			buildPhases = (
				6DD6154146BD8224729608C8 /* [CP] Check Pods Manifest.lock */,
				FAFD92881F6F62730037042C /* Sources */,
				FAFD92891F6F62730037042C /* Frameworks */,
				FAFD928A1F6F62730037042C /* Resources */,
				4F340BBDD2628DF0BA40DB38 /* [CP] Embed Pods Frameworks */,
				46CA4D14E5558967AB06583F /* [CP] Copy Pods Resources */,
			);
			buildRules = (
			);
			dependencies = (
				FAFD928E1F6F62730037042C /* PBXTargetDependency */,
			);
			name = ViewColorChangerUITests;
			productName = ViewColorChangerUITests;
			productReference = FAFD928C1F6F62730037042C /* ViewColorChangerUITests.xctest */;
			productType = "com.apple.product-type.bundle.ui-testing";
		};
/* End PBXNativeTarget section */

/* Begin PBXProject section */
		FAFD92651F6F62730037042C /* Project object */ = {
			isa = PBXProject;
			attributes = {
				LastSwiftUpdateCheck = 0830;
				LastUpgradeCheck = 0830;
				ORGANIZATIONNAME = "Dante  Lacey-Thompson";
				TargetAttributes = {
					FAFD926C1F6F62730037042C = {
						CreatedOnToolsVersion = 8.3.3;
						ProvisioningStyle = Automatic;
					};
					FAFD92801F6F62730037042C = {
						CreatedOnToolsVersion = 8.3.3;
						ProvisioningStyle = Automatic;
						TestTargetID = FAFD926C1F6F62730037042C;
					};
					FAFD928B1F6F62730037042C = {
						CreatedOnToolsVersion = 8.3.3;
						ProvisioningStyle = Automatic;
						TestTargetID = FAFD926C1F6F62730037042C;
					};
				};
			};
			buildConfigurationList = FAFD92681F6F62730037042C /* Build configuration list for PBXProject "ViewColorChanger" */;
			compatibilityVersion = "Xcode 3.2";
			developmentRegion = English;
			hasScannedForEncodings = 0;
			knownRegions = (
				en,
				Base,
			);
			mainGroup = FAFD92641F6F62730037042C;
			productRefGroup = FAFD926E1F6F62730037042C /* Products */;
			projectDirPath = "";
			projectRoot = "";
			targets = (
				FAFD926C1F6F62730037042C /* ViewColorChanger */,
				FAFD92801F6F62730037042C /* ViewColorChangerTests */,
				FAFD928B1F6F62730037042C /* ViewColorChangerUITests */,
			);
		};
/* End PBXProject section */

/* Begin PBXResourcesBuildPhase section */
		FAFD926B1F6F62730037042C /* Resources */ = {
			isa = PBXResourcesBuildPhase;
			buildActionMask = 2147483647;
			files = (
				FAFD927B1F6F62730037042C /* LaunchScreen.storyboard in Resources */,
				FAFD92781F6F62730037042C /* Assets.xcassets in Resources */,
				FAFD92761F6F62730037042C /* Main.storyboard in Resources */,
			);
			runOnlyForDeploymentPostprocessing = 0;
		};
		FAFD927F1F6F62730037042C /* Resources */ = {
			isa = PBXResourcesBuildPhase;
			buildActionMask = 2147483647;
			files = (
			);
			runOnlyForDeploymentPostprocessing = 0;
		};
		FAFD928A1F6F62730037042C /* Resources */ = {
			isa = PBXResourcesBuildPhase;
			buildActionMask = 2147483647;
			files = (
			);
			runOnlyForDeploymentPostprocessing = 0;
		};
/* End PBXResourcesBuildPhase section */

/* Begin PBXShellScriptBuildPhase section */
		13362D44F74CD2CB3476E03B /* [CP] Embed Pods Frameworks */ = {
			isa = PBXShellScriptBuildPhase;
			buildActionMask = 2147483647;
			files = (
			);
			inputPaths = (
			);
			name = "[CP] Embed Pods Frameworks";
			outputPaths = (
			);
			runOnlyForDeploymentPostprocessing = 0;
			shellPath = /bin/sh;
			shellScript = "\"${SRCROOT}/Pods/Target Support Files/Pods-ViewColorChanger/Pods-ViewColorChanger-frameworks.sh\"\n";
			showEnvVarsInLog = 0;
		};
		46CA4D14E5558967AB06583F /* [CP] Copy Pods Resources */ = {
			isa = PBXShellScriptBuildPhase;
			buildActionMask = 2147483647;
			files = (
			);
			inputPaths = (
			);
			name = "[CP] Copy Pods Resources";
			outputPaths = (
			);
			runOnlyForDeploymentPostprocessing = 0;
			shellPath = /bin/sh;
			shellScript = "\"${SRCROOT}/Pods/Target Support Files/Pods-ViewColorChangerUITests/Pods-ViewColorChangerUITests-resources.sh\"\n";
			showEnvVarsInLog = 0;
		};
		4F340BBDD2628DF0BA40DB38 /* [CP] Embed Pods Frameworks */ = {
			isa = PBXShellScriptBuildPhase;
			buildActionMask = 2147483647;
			files = (
			);
			inputPaths = (
			);
			name = "[CP] Embed Pods Frameworks";
			outputPaths = (
			);
			runOnlyForDeploymentPostprocessing = 0;
			shellPath = /bin/sh;
			shellScript = "\"${SRCROOT}/Pods/Target Support Files/Pods-ViewColorChangerUITests/Pods-ViewColorChangerUITests-frameworks.sh\"\n";
			showEnvVarsInLog = 0;
		};
		6DD6154146BD8224729608C8 /* [CP] Check Pods Manifest.lock */ = {
			isa = PBXShellScriptBuildPhase;
			buildActionMask = 2147483647;
			files = (
			);
			inputPaths = (
				"${PODS_PODFILE_DIR_PATH}/Podfile.lock",
				"${PODS_ROOT}/Manifest.lock",
			);
			name = "[CP] Check Pods Manifest.lock";
			outputPaths = (
				"$(DERIVED_FILE_DIR)/Pods-ViewColorChangerUITests-checkManifestLockResult.txt",
			);
			runOnlyForDeploymentPostprocessing = 0;
			shellPath = /bin/sh;
			shellScript = "diff \"${PODS_PODFILE_DIR_PATH}/Podfile.lock\" \"${PODS_ROOT}/Manifest.lock\" > /dev/null\nif [ $? != 0 ] ; then\n    # print error to STDERR\n    echo \"error: The sandbox is not in sync with the Podfile.lock. Run 'pod install' or update your CocoaPods installation.\" >&2\n    exit 1\nfi\n# This output is used by Xcode 'outputs' to avoid re-running this script phase.\necho \"SUCCESS\" > \"${SCRIPT_OUTPUT_FILE_0}\"\n";
			showEnvVarsInLog = 0;
		};
		79FFB901C0420EB116B811C1 /* [CP] Copy Pods Resources */ = {
			isa = PBXShellScriptBuildPhase;
			buildActionMask = 2147483647;
			files = (
			);
			inputPaths = (
			);
			name = "[CP] Copy Pods Resources";
			outputPaths = (
			);
			runOnlyForDeploymentPostprocessing = 0;
			shellPath = /bin/sh;
			shellScript = "\"${SRCROOT}/Pods/Target Support Files/Pods-ViewColorChanger/Pods-ViewColorChanger-resources.sh\"\n";
			showEnvVarsInLog = 0;
		};
		8517FA2885930C15B350EBD7 /* [CP] Check Pods Manifest.lock */ = {
			isa = PBXShellScriptBuildPhase;
			buildActionMask = 2147483647;
			files = (
			);
			inputPaths = (
				"${PODS_PODFILE_DIR_PATH}/Podfile.lock",
				"${PODS_ROOT}/Manifest.lock",
			);
			name = "[CP] Check Pods Manifest.lock";
			outputPaths = (
				"$(DERIVED_FILE_DIR)/Pods-ViewColorChangerTests-checkManifestLockResult.txt",
			);
			runOnlyForDeploymentPostprocessing = 0;
			shellPath = /bin/sh;
			shellScript = "diff \"${PODS_PODFILE_DIR_PATH}/Podfile.lock\" \"${PODS_ROOT}/Manifest.lock\" > /dev/null\nif [ $? != 0 ] ; then\n    # print error to STDERR\n    echo \"error: The sandbox is not in sync with the Podfile.lock. Run 'pod install' or update your CocoaPods installation.\" >&2\n    exit 1\nfi\n# This output is used by Xcode 'outputs' to avoid re-running this script phase.\necho \"SUCCESS\" > \"${SCRIPT_OUTPUT_FILE_0}\"\n";
			showEnvVarsInLog = 0;
		};
		D95AA375F043CFEDFCD211CB /* [CP] Check Pods Manifest.lock */ = {
			isa = PBXShellScriptBuildPhase;
			buildActionMask = 2147483647;
			files = (
			);
			inputPaths = (
				"${PODS_PODFILE_DIR_PATH}/Podfile.lock",
				"${PODS_ROOT}/Manifest.lock",
			);
			name = "[CP] Check Pods Manifest.lock";
			outputPaths = (
				"$(DERIVED_FILE_DIR)/Pods-ViewColorChanger-checkManifestLockResult.txt",
			);
			runOnlyForDeploymentPostprocessing = 0;
			shellPath = /bin/sh;
			shellScript = "diff \"${PODS_PODFILE_DIR_PATH}/Podfile.lock\" \"${PODS_ROOT}/Manifest.lock\" > /dev/null\nif [ $? != 0 ] ; then\n    # print error to STDERR\n    echo \"error: The sandbox is not in sync with the Podfile.lock. Run 'pod install' or update your CocoaPods installation.\" >&2\n    exit 1\nfi\n# This output is used by Xcode 'outputs' to avoid re-running this script phase.\necho \"SUCCESS\" > \"${SCRIPT_OUTPUT_FILE_0}\"\n";
			showEnvVarsInLog = 0;
		};
		DC8CAEB776608519E7DA2E88 /* [CP] Copy Pods Resources */ = {
			isa = PBXShellScriptBuildPhase;
			buildActionMask = 2147483647;
			files = (
			);
			inputPaths = (
			);
			name = "[CP] Copy Pods Resources";
			outputPaths = (
			);
			runOnlyForDeploymentPostprocessing = 0;
			shellPath = /bin/sh;
			shellScript = "\"${SRCROOT}/Pods/Target Support Files/Pods-ViewColorChangerTests/Pods-ViewColorChangerTests-resources.sh\"\n";
			showEnvVarsInLog = 0;
		};
		E10DA4AEE84503BD7EFDB420 /* [CP] Embed Pods Frameworks */ = {
			isa = PBXShellScriptBuildPhase;
			buildActionMask = 2147483647;
			files = (
			);
			inputPaths = (
			);
			name = "[CP] Embed Pods Frameworks";
			outputPaths = (
			);
			runOnlyForDeploymentPostprocessing = 0;
			shellPath = /bin/sh;
			shellScript = "\"${SRCROOT}/Pods/Target Support Files/Pods-ViewColorChangerTests/Pods-ViewColorChangerTests-frameworks.sh\"\n";
			showEnvVarsInLog = 0;
		};
/* End PBXShellScriptBuildPhase section */

/* Begin PBXSourcesBuildPhase section */
		FAFD92691F6F62730037042C /* Sources */ = {
			isa = PBXSourcesBuildPhase;
			buildActionMask = 2147483647;
			files = (
				FAFD929F1F6F62A20037042C /* ViewColChanger.swift in Sources */,
				FAFD92731F6F62730037042C /* ViewController.swift in Sources */,
				FAFD92711F6F62730037042C /* AppDelegate.swift in Sources */,
			);
			runOnlyForDeploymentPostprocessing = 0;
		};
		FAFD927D1F6F62730037042C /* Sources */ = {
			isa = PBXSourcesBuildPhase;
			buildActionMask = 2147483647;
			files = (
				FAFD92861F6F62730037042C /* ViewColorChangerTests.swift in Sources */,
			);
			runOnlyForDeploymentPostprocessing = 0;
		};
		FAFD92881F6F62730037042C /* Sources */ = {
			isa = PBXSourcesBuildPhase;
			buildActionMask = 2147483647;
			files = (
				FAFD92911F6F62730037042C /* ViewColorChangerUITests.swift in Sources */,
			);
			runOnlyForDeploymentPostprocessing = 0;
		};
/* End PBXSourcesBuildPhase section */

/* Begin PBXTargetDependency section */
		FAFD92831F6F62730037042C /* PBXTargetDependency */ = {
			isa = PBXTargetDependency;
			target = FAFD926C1F6F62730037042C /* ViewColorChanger */;
			targetProxy = FAFD92821F6F62730037042C /* PBXContainerItemProxy */;
		};
		FAFD928E1F6F62730037042C /* PBXTargetDependency */ = {
			isa = PBXTargetDependency;
			target = FAFD926C1F6F62730037042C /* ViewColorChanger */;
			targetProxy = FAFD928D1F6F62730037042C /* PBXContainerItemProxy */;
		};
/* End PBXTargetDependency section */

/* Begin PBXVariantGroup section */
		FAFD92741F6F62730037042C /* Main.storyboard */ = {
			isa = PBXVariantGroup;
			children = (
				FAFD92751F6F62730037042C /* Base */,
			);
			name = Main.storyboard;
			sourceTree = "<group>";
		};
		FAFD92791F6F62730037042C /* LaunchScreen.storyboard */ = {
			isa = PBXVariantGroup;
			children = (
				FAFD927A1F6F62730037042C /* Base */,
			);
			name = LaunchScreen.storyboard;
			sourceTree = "<group>";
		};
/* End PBXVariantGroup section */

/* Begin XCBuildConfiguration section */
		FAFD92931F6F62730037042C /* Debug */ = {
			isa = XCBuildConfiguration;
			buildSettings = {
				ALWAYS_SEARCH_USER_PATHS = NO;
				CLANG_ANALYZER_NONNULL = YES;
				CLANG_ANALYZER_NUMBER_OBJECT_CONVERSION = YES_AGGRESSIVE;
				CLANG_CXX_LANGUAGE_STANDARD = "gnu++0x";
				CLANG_CXX_LIBRARY = "libc++";
				CLANG_ENABLE_MODULES = YES;
				CLANG_ENABLE_OBJC_ARC = YES;
				CLANG_WARN_BOOL_CONVERSION = YES;
				CLANG_WARN_CONSTANT_CONVERSION = YES;
				CLANG_WARN_DIRECT_OBJC_ISA_USAGE = YES_ERROR;
				CLANG_WARN_DOCUMENTATION_COMMENTS = YES;
				CLANG_WARN_EMPTY_BODY = YES;
				CLANG_WARN_ENUM_CONVERSION = YES;
				CLANG_WARN_INFINITE_RECURSION = YES;
				CLANG_WARN_INT_CONVERSION = YES;
				CLANG_WARN_OBJC_ROOT_CLASS = YES_ERROR;
				CLANG_WARN_SUSPICIOUS_MOVE = YES;
				CLANG_WARN_UNREACHABLE_CODE = YES;
				CLANG_WARN__DUPLICATE_METHOD_MATCH = YES;
				"CODE_SIGN_IDENTITY[sdk=iphoneos*]" = "iPhone Developer";
				COPY_PHASE_STRIP = NO;
				DEBUG_INFORMATION_FORMAT = dwarf;
				ENABLE_STRICT_OBJC_MSGSEND = YES;
				ENABLE_TESTABILITY = YES;
				GCC_C_LANGUAGE_STANDARD = gnu99;
				GCC_DYNAMIC_NO_PIC = NO;
				GCC_NO_COMMON_BLOCKS = YES;
				GCC_OPTIMIZATION_LEVEL = 0;
				GCC_PREPROCESSOR_DEFINITIONS = (
					"DEBUG=1",
					"$(inherited)",
				);
				GCC_WARN_64_TO_32_BIT_CONVERSION = YES;
				GCC_WARN_ABOUT_RETURN_TYPE = YES_ERROR;
				GCC_WARN_UNDECLARED_SELECTOR = YES;
				GCC_WARN_UNINITIALIZED_AUTOS = YES_AGGRESSIVE;
				GCC_WARN_UNUSED_FUNCTION = YES;
				GCC_WARN_UNUSED_VARIABLE = YES;
				IPHONEOS_DEPLOYMENT_TARGET = 10.3;
				MTL_ENABLE_DEBUG_INFO = YES;
				ONLY_ACTIVE_ARCH = YES;
				SDKROOT = iphoneos;
				SWIFT_ACTIVE_COMPILATION_CONDITIONS = DEBUG;
				SWIFT_OPTIMIZATION_LEVEL = "-Onone";
				TARGETED_DEVICE_FAMILY = "1,2";
			};
			name = Debug;
		};
		FAFD92941F6F62730037042C /* Release */ = {
			isa = XCBuildConfiguration;
			buildSettings = {
				ALWAYS_SEARCH_USER_PATHS = NO;
				CLANG_ANALYZER_NONNULL = YES;
				CLANG_ANALYZER_NUMBER_OBJECT_CONVERSION = YES_AGGRESSIVE;
				CLANG_CXX_LANGUAGE_STANDARD = "gnu++0x";
				CLANG_CXX_LIBRARY = "libc++";
				CLANG_ENABLE_MODULES = YES;
				CLANG_ENABLE_OBJC_ARC = YES;
				CLANG_WARN_BOOL_CONVERSION = YES;
				CLANG_WARN_CONSTANT_CONVERSION = YES;
				CLANG_WARN_DIRECT_OBJC_ISA_USAGE = YES_ERROR;
				CLANG_WARN_DOCUMENTATION_COMMENTS = YES;
				CLANG_WARN_EMPTY_BODY = YES;
				CLANG_WARN_ENUM_CONVERSION = YES;
				CLANG_WARN_INFINITE_RECURSION = YES;
				CLANG_WARN_INT_CONVERSION = YES;
				CLANG_WARN_OBJC_ROOT_CLASS = YES_ERROR;
				CLANG_WARN_SUSPICIOUS_MOVE = YES;
				CLANG_WARN_UNREACHABLE_CODE = YES;
				CLANG_WARN__DUPLICATE_METHOD_MATCH = YES;
				"CODE_SIGN_IDENTITY[sdk=iphoneos*]" = "iPhone Developer";
				COPY_PHASE_STRIP = NO;
				DEBUG_INFORMATION_FORMAT = "dwarf-with-dsym";
				ENABLE_NS_ASSERTIONS = NO;
				ENABLE_STRICT_OBJC_MSGSEND = YES;
				GCC_C_LANGUAGE_STANDARD = gnu99;
				GCC_NO_COMMON_BLOCKS = YES;
				GCC_WARN_64_TO_32_BIT_CONVERSION = YES;
				GCC_WARN_ABOUT_RETURN_TYPE = YES_ERROR;
				GCC_WARN_UNDECLARED_SELECTOR = YES;
				GCC_WARN_UNINITIALIZED_AUTOS = YES_AGGRESSIVE;
				GCC_WARN_UNUSED_FUNCTION = YES;
				GCC_WARN_UNUSED_VARIABLE = YES;
				IPHONEOS_DEPLOYMENT_TARGET = 10.3;
				MTL_ENABLE_DEBUG_INFO = NO;
				SDKROOT = iphoneos;
				SWIFT_OPTIMIZATION_LEVEL = "-Owholemodule";
				TARGETED_DEVICE_FAMILY = "1,2";
				VALIDATE_PRODUCT = YES;
			};
			name = Release;
		};
		FAFD92961F6F62730037042C /* Debug */ = {
			isa = XCBuildConfiguration;
			baseConfigurationReference = 70082939652F8AB02ABAD024 /* Pods-ViewColorChanger.debug.xcconfig */;
			buildSettings = {
				ASSETCATALOG_COMPILER_APPICON_NAME = AppIcon;
				INFOPLIST_FILE = ViewColorChanger/Info.plist;
				LD_RUNPATH_SEARCH_PATHS = "$(inherited) @executable_path/Frameworks";
				PRODUCT_BUNDLE_IDENTIFIER = dantelaceythompson.ViewColorChanger;
				PRODUCT_NAME = "$(TARGET_NAME)";
				SWIFT_VERSION = 3.0;
			};
			name = Debug;
		};
		FAFD92971F6F62730037042C /* Release */ = {
			isa = XCBuildConfiguration;
			baseConfigurationReference = 199F83E504BA6B392D571AE1 /* Pods-ViewColorChanger.release.xcconfig */;
			buildSettings = {
				ASSETCATALOG_COMPILER_APPICON_NAME = AppIcon;
				INFOPLIST_FILE = ViewColorChanger/Info.plist;
				LD_RUNPATH_SEARCH_PATHS = "$(inherited) @executable_path/Frameworks";
				PRODUCT_BUNDLE_IDENTIFIER = dantelaceythompson.ViewColorChanger;
				PRODUCT_NAME = "$(TARGET_NAME)";
				SWIFT_VERSION = 3.0;
			};
			name = Release;
		};
		FAFD92991F6F62730037042C /* Debug */ = {
			isa = XCBuildConfiguration;
			baseConfigurationReference = 32F50D888CA502383F72517F /* Pods-ViewColorChangerTests.debug.xcconfig */;
			buildSettings = {
				ALWAYS_EMBED_SWIFT_STANDARD_LIBRARIES = YES;
				BUNDLE_LOADER = "$(TEST_HOST)";
				INFOPLIST_FILE = ViewColorChangerTests/Info.plist;
				LD_RUNPATH_SEARCH_PATHS = "$(inherited) @executable_path/Frameworks @loader_path/Frameworks";
				PRODUCT_BUNDLE_IDENTIFIER = dantelaceythompson.ViewColorChangerTests;
				PRODUCT_NAME = "$(TARGET_NAME)";
				SWIFT_VERSION = 3.0;
				TEST_HOST = "$(BUILT_PRODUCTS_DIR)/ViewColorChanger.app/ViewColorChanger";
			};
			name = Debug;
		};
		FAFD929A1F6F62730037042C /* Release */ = {
			isa = XCBuildConfiguration;
			baseConfigurationReference = BBFD757C5DD4376CFB3100C7 /* Pods-ViewColorChangerTests.release.xcconfig */;
			buildSettings = {
				ALWAYS_EMBED_SWIFT_STANDARD_LIBRARIES = YES;
				BUNDLE_LOADER = "$(TEST_HOST)";
				INFOPLIST_FILE = ViewColorChangerTests/Info.plist;
				LD_RUNPATH_SEARCH_PATHS = "$(inherited) @executable_path/Frameworks @loader_path/Frameworks";
				PRODUCT_BUNDLE_IDENTIFIER = dantelaceythompson.ViewColorChangerTests;
				PRODUCT_NAME = "$(TARGET_NAME)";
				SWIFT_VERSION = 3.0;
				TEST_HOST = "$(BUILT_PRODUCTS_DIR)/ViewColorChanger.app/ViewColorChanger";
			};
			name = Release;
		};
		FAFD929C1F6F62730037042C /* Debug */ = {
			isa = XCBuildConfiguration;
			baseConfigurationReference = ADF377EDD6C13154547F7F41 /* Pods-ViewColorChangerUITests.debug.xcconfig */;
			buildSettings = {
				ALWAYS_EMBED_SWIFT_STANDARD_LIBRARIES = YES;
				INFOPLIST_FILE = ViewColorChangerUITests/Info.plist;
				LD_RUNPATH_SEARCH_PATHS = "$(inherited) @executable_path/Frameworks @loader_path/Frameworks";
				PRODUCT_BUNDLE_IDENTIFIER = dantelaceythompson.ViewColorChangerUITests;
				PRODUCT_NAME = "$(TARGET_NAME)";
				SWIFT_VERSION = 3.0;
				TEST_TARGET_NAME = ViewColorChanger;
			};
			name = Debug;
		};
		FAFD929D1F6F62730037042C /* Release */ = {
			isa = XCBuildConfiguration;
			baseConfigurationReference = 4772DE3A02238DF6451626D2 /* Pods-ViewColorChangerUITests.release.xcconfig */;
			buildSettings = {
				ALWAYS_EMBED_SWIFT_STANDARD_LIBRARIES = YES;
				INFOPLIST_FILE = ViewColorChangerUITests/Info.plist;
				LD_RUNPATH_SEARCH_PATHS = "$(inherited) @executable_path/Frameworks @loader_path/Frameworks";
				PRODUCT_BUNDLE_IDENTIFIER = dantelaceythompson.ViewColorChangerUITests;
				PRODUCT_NAME = "$(TARGET_NAME)";
				SWIFT_VERSION = 3.0;
				TEST_TARGET_NAME = ViewColorChanger;
			};
			name = Release;
		};
/* End XCBuildConfiguration section */

/* Begin XCConfigurationList section */
		FAFD92681F6F62730037042C /* Build configuration list for PBXProject "ViewColorChanger" */ = {
			isa = XCConfigurationList;
			buildConfigurations = (
				FAFD92931F6F62730037042C /* Debug */,
				FAFD92941F6F62730037042C /* Release */,
			);
			defaultConfigurationIsVisible = 0;
			defaultConfigurationName = Release;
		};
		FAFD92951F6F62730037042C /* Build configuration list for PBXNativeTarget "ViewColorChanger" */ = {
			isa = XCConfigurationList;
			buildConfigurations = (
				FAFD92961F6F62730037042C /* Debug */,
				FAFD92971F6F62730037042C /* Release */,
			);
			defaultConfigurationIsVisible = 0;
		};
		FAFD92981F6F62730037042C /* Build configuration list for PBXNativeTarget "ViewColorChangerTests" */ = {
			isa = XCConfigurationList;
			buildConfigurations = (
				FAFD92991F6F62730037042C /* Debug */,
				FAFD929A1F6F62730037042C /* Release */,
			);
			defaultConfigurationIsVisible = 0;
		};
		FAFD929B1F6F62730037042C /* Build configuration list for PBXNativeTarget "ViewColorChangerUITests" */ = {
			isa = XCConfigurationList;
			buildConfigurations = (
				FAFD929C1F6F62730037042C /* Debug */,
				FAFD929D1F6F62730037042C /* Release */,
			);
			defaultConfigurationIsVisible = 0;
		};
/* End XCConfigurationList section */
	};
	rootObject = FAFD92651F6F62730037042C /* Project object */;
}
